
Microsoft Visual Studio Solution File, Format Version 12.00
# Visual Studio Version 17
VisualStudioVersion = 17.3.32819.101
MinimumVisualStudioVersion = 10.0.40219.1
Project("{FAE04EC0-301F-11D3-BF4B-00C04F79EFBC}") = "ServiceProvider", "ServiceProvider\ServiceProvider.csproj", "{F96B8F1F-6350-4E8F-9C0B-5AD690EC5024}"
EndProject
Project("{FAE04EC0-301F-11D3-BF4B-00C04F79EFBC}") = "Registry", "Registry\Registry.csproj", "{3F5D8E3B-7A51-483F-9A0C-1A205333C748}"
EndProject
Project("{FAE04EC0-301F-11D3-BF4B-00C04F79EFBC}") = "PublishingConsole", "PublishingConsole\PublishingConsole.csproj", "{EB16270D-2302-418A-A680-C90A66B73F17}"
EndProject
Project("{FAE04EC0-301F-11D3-BF4B-00C04F79EFBC}") = "Client", "Client\Client.csproj", "{4DBF60A6-8143-42A1-A7DF-AA28825ECB8E}"
EndProject
Global
	GlobalSection(SolutionConfigurationPlatforms) = preSolution
		Debug|Any CPU = Debug|Any CPU
		Release|Any CPU = Release|Any CPU
	EndGlobalSection
	GlobalSection(ProjectConfigurationPlatforms) = postSolution
		{F96B8F1F-6350-4E8F-9C0B-5AD690EC5024}.Debug|Any CPU.ActiveCfg = Debug|Any CPU
		{F96B8F1F-6350-4E8F-9C0B-5AD690EC5024}.Debug|Any CPU.Build.0 = Debug|Any CPU
		{F96B8F1F-6350-4E8F-9C0B-5AD690EC5024}.Release|Any CPU.ActiveCfg = Release|Any CPU
		{F96B8F1F-6350-4E8F-9C0B-5AD690EC5024}.Release|Any CPU.Build.0 = Release|Any CPU
		{3F5D8E3B-7A51-483F-9A0C-1A205333C748}.Debug|Any CPU.ActiveCfg = Debug|Any CPU
		{3F5D8E3B-7A51-483F-9A0C-1A205333C748}.Debug|Any CPU.Build.0 = Debug|Any CPU
		{3F5D8E3B-7A51-483F-9A0C-1A205333C748}.Release|Any CPU.ActiveCfg = Release|Any CPU
		{3F5D8E3B-7A51-483F-9A0C-1A205333C748}.Release|Any CPU.Build.0 = Release|Any CPU
		{EB16270D-2302-418A-A680-C90A66B73F17}.Debug|Any CPU.ActiveCfg = Debug|Any CPU
		{EB16270D-2302-418A-A680-C90A66B73F17}.Debug|Any CPU.Build.0 = Debug|Any CPU
		{EB16270D-2302-418A-A680-C90A66B73F17}.Release|Any CPU.ActiveCfg = Release|Any CPU
		{EB16270D-2302-418A-A680-C90A66B73F17}.Release|Any CPU.Build.0 = Release|Any CPU
		{4DBF60A6-8143-42A1-A7DF-AA28825ECB8E}.Debug|Any CPU.ActiveCfg = Debug|Any CPU
		{4DBF60A6-8143-42A1-A7DF-AA28825ECB8E}.Debug|Any CPU.Build.0 = Debug|Any CPU
		{4DBF60A6-8143-42A1-A7DF-AA28825ECB8E}.Release|Any CPU.ActiveCfg = Release|Any CPU
		{4DBF60A6-8143-42A1-A7DF-AA28825ECB8E}.Release|Any CPU.Build.0 = Release|Any CPU
	EndGlobalSection
	GlobalSection(SolutionProperties) = preSolution
		HideSolutionNode = FALSE
	EndGlobalSection
	GlobalSection(ExtensibilityGlobals) = postSolution
		SolutionGuid = {92A504ED-A7A6-4C2D-AAE2-0880F6389337}
	EndGlobalSection
EndGlobal
